{
  "name": "server",
  "version": "1.0.0",
  "lockfileVersion": 1,
  "requires": true,
  "dependencies": {
    "body-parser": {
      "version": "1.18.3",
      "resolved": "https://registry.npmjs.org/body-parser/-/body-parser-1.18.3.tgz",
      "integrity": "sha1-WykhmP/dVTs6DyDe0FkrlWlVyLQ=",
      "dependencies": {
        "iconv-lite": {
          "version": "0.4.23",
          "resolved": "https://registry.npmjs.org/iconv-lite/-/iconv-lite-0.4.23.tgz",
          "integrity": "sha512-neyTUVFtahjf0mB3dZT77u+8O0QB89jFdnBkd5P1JgYPbPaia3gXXOVL2fq8VyU2gMMD7SaN7QukTB/pmXYvDA=="
        },
        "qs": {
          "version": "6.5.2",
          "resolved": "https://registry.npmjs.org/qs/-/qs-6.5.2.tgz",
          "integrity": "sha512-N5ZAX4/LxJmF+7wN74pUD6qAh9/wnvdQcjq9TZjevvXzSUo7bfmw91saqMjzGS2xq91/odN2dW/WOl7qQHNDGA=="
        },
        "raw-body": {
          "version": "2.3.3",
          "resolved": "https://registry.npmjs.org/raw-body/-/raw-body-2.3.3.tgz",
          "integrity": "sha512-9esiElv1BrZoI3rCDuOuKCBRbuApGGaDPQfjSflGxdy4oyzqghxu6klEkkVIvBje+FF0BX9coEv8KqW6X/7njw=="
        }
      }
    },
    "concurrently": {
      "version": "3.6.0",
      "resolved": "https://registry.npmjs.org/concurrently/-/concurrently-3.6.0.tgz",
      "integrity": "sha512-6XiIYtYzmGEccNZFkih5JOH92jLA4ulZArAYy5j1uDSdrPLB3KzdE8GW7t2fHPcg9ry2+5LP9IEYzXzxw9lFdA==",
      "dependencies": {
        "has-flag": {
          "version": "1.0.0",
          "resolved": "https://registry.npmjs.org/has-flag/-/has-flag-1.0.0.tgz",
          "integrity": "sha1-nZ55MWXOAXoA8AQYxD+UKnsdEfo="
        },
        "supports-color": {
          "version": "3.2.3",
          "resolved": "https://registry.npmjs.org/supports-color/-/supports-color-3.2.3.tgz",
          "integrity": "sha1-ZawFBLOVQXHYpklGsq48u4pfVPY="
        }
      }
    },
    "cookie-session": {
      "version": "2.0.0-beta.3",
      "resolved": "https://registry.npmjs.org/cookie-session/-/cookie-session-2.0.0-beta.3.tgz",
      "integrity": "sha512-zyqm5tA0z9yMEB/xyP7lnRnqp8eLR2e0dap+9+rBwVigla9yPKn8XTL1jJymog8xjfrowqW2o5LUjixQChkqrw==",
      "dependencies": {
        "debug": {
          "version": "3.1.0",
          "resolved": "https://registry.npmjs.org/debug/-/debug-3.1.0.tgz",
          "integrity": "sha512-OX8XqP7/1a9cqkxYw2yXss15f26NKWBpDXQd0/uK/KPqdQhxbPa994hnzjcE2VqQpDslf55723cKPUOGSmMY3g=="
        }
      }
    },
    "express": {
      "version": "4.16.3",
      "resolved": "https://registry.npmjs.org/express/-/express-4.16.3.tgz",
      "integrity": "sha1-avilAjUNsyRuzEvs9rWjTSL37VM="
    },
    "localtunnel": {
      "version": "1.9.1",
      "resolved": "https://registry.npmjs.org/localtunnel/-/localtunnel-1.9.1.tgz",
      "integrity": "sha512-HWrhOslklDvxgOGFLxi6fQVnvpl6XdX4sPscfqMZkzi3gtt9V7LKBWYvNUcpHSVvjwCQ6xzXacVvICNbNcyPnQ=="
    },
    "lodash": {
      "version": "4.17.13",
      "resolved": "https://registry.npmjs.org/lodash/-/lodash-4.17.13.tgz",
      "integrity": "sha512-vm3/XWXfWtRua0FkUyEHBZy8kCPjErNBT9fJx8Zvs+U6zjqPbTUOpkaoum3O5uiA8sm+yNMHXfYkTUHFoMxFNA=="
    },
    "mongoose": {
      "version": "5.2.2",
      "resolved": "https://registry.npmjs.org/mongoose/-/mongoose-5.2.2.tgz",
      "integrity": "sha512-DpQGUHEUbKrxWGOU9uzKV1mtN/DFmXUjhYEzByqeQ2FwQeFWhXJdl+UPCsItqvFOwsFDMY1J6fxHOnWlOoHU8g=="
    },
    "nodemon": {
      "version": "1.17.5",
      "resolved": "https://registry.npmjs.org/nodemon/-/nodemon-1.17.5.tgz",
      "integrity": "sha512-FG2mWJU1Y58a9ktgMJ/RZpsiPz3b7ge77t/okZHEa4NbrlXGKZ8s1A6Q+C7+JPXohAfcPALRwvxcAn8S874pmw==",
      "dependencies": {
        "debug": {
          "version": "3.1.0",
          "resolved": "https://registry.npmjs.org/debug/-/debug-3.1.0.tgz",
          "integrity": "sha512-OX8XqP7/1a9cqkxYw2yXss15f26NKWBpDXQd0/uK/KPqdQhxbPa994hnzjcE2VqQpDslf55723cKPUOGSmMY3g=="
        }
      }
    },
    "passport": {
      "version": "0.4.0",
      "resolved": "https://registry.npmjs.org/passport/-/passport-0.4.0.tgz",
      "integrity": "sha1-xQlWkTR71a07XhgCOMORTRbwWBE="
    },
    "passport-google-oauth20": {
      "version": "1.0.0",
      "resolved": "https://registry.npmjs.org/passport-google-oauth20/-/passport-google-oauth20-1.0.0.tgz",
      "integrity": "sha1-O5YOih1w0dvnlGFcgnxoxAOSpdA="
    },
    "path-parser": {
      "version": "4.2.0",
      "resolved": "https://registry.npmjs.org/path-parser/-/path-parser-4.2.0.tgz",
      "integrity": "sha512-MPPZiWTTp2I72VXmGQQfsn2ohrbd9QTbZSLYNS+HXsnQ37VbiLR/szO2R7DHaZA1V1scYxuxgyQerj+6kMTXtA=="
    },
    "sendgrid": {
      "version": "5.2.3",
      "resolved": "https://registry.npmjs.org/sendgrid/-/sendgrid-5.2.3.tgz",
      "integrity": "sha512-FD7oR9TbJFUew1p0Vw9JX0wBetDyq634LzylSXz4n9+hwaf+6a9dNloZl8CcjpsX4NuEc3HJanTN4GjDwNyi4A=="
    },
    "stripe": {
      "version": "6.7.0",
      "resolved": "https://registry.npmjs.org/stripe/-/stripe-6.7.0.tgz",
      "integrity": "sha512-ZSgqpNS35hQJHov2GOpi7zY43X0+esk4Oph/EvrkkV2Mgor7b03b4Yp2GlacNnTirEEzt7NdncTovqB+AHntRg=="
    }
  }
}
